
Microsoft Visual Studio Solution File, Format Version 12.00
# Visual Studio 2012
Project("{FAE04EC0-301F-11D3-BF4B-00C04F79EFBC}") = "GoogleSafeBrowsingBuildCache", "GoogleSafeBrowsingBuildCache.csproj", "{44EE79EE-B1F3-4612-A888-64C62FD5D2E6}"
EndProject
Project("{2150E333-8FDC-42A3-9474-1A3956D46DE8}") = "Google SafeBrowse v2 Client", "Google SafeBrowse v2 Client", "{6F802E18-FA42-49FA-859E-CB5EC5567663}"
EndProject
Project("{FAE04EC0-301F-11D3-BF4B-00C04F79EFBC}") = "SafebrowseV2", "..\google-safebrowse-v2-client\Safebrowsev2\SafebrowseV2.csproj", "{7DA36D86-757E-48E3-8C82-545EE59CF820}"
EndProject
Global
	GlobalSection(TeamFoundationVersionControl) = preSolution
		SccNumberOfProjects = 3
		SccEnterpriseProvider = {4CA58AB2-18FA-4F8D-95D4-32DDF27D184C}
		SccTeamFoundationServer = http://tfs2012:8080/tfs/team%20collection
		SccProjectUniqueName0 = ..\\google-safebrowse-v2-client\\Safebrowsev2\\SafebrowseV2.csproj
		SccProjectTopLevelParentUniqueName0 = GoogleSafeBrowsingV2.sln
		SccProjectName0 = ../google-safebrowse-v2-client/Safebrowsev2
		SccLocalPath0 = ..\\google-safebrowse-v2-client\\Safebrowsev2
		SccLocalPath1 = .
		SccProjectUniqueName2 = GoogleSafeBrowsingBuildCache.csproj
		SccLocalPath2 = .
	EndGlobalSection
	GlobalSection(SolutionConfigurationPlatforms) = preSolution
		Debug|Any CPU = Debug|Any CPU
		Release|Any CPU = Release|Any CPU
	EndGlobalSection
	GlobalSection(ProjectConfigurationPlatforms) = postSolution
		{44EE79EE-B1F3-4612-A888-64C62FD5D2E6}.Debug|Any CPU.ActiveCfg = Debug|Any CPU
		{44EE79EE-B1F3-4612-A888-64C62FD5D2E6}.Debug|Any CPU.Build.0 = Debug|Any CPU
		{44EE79EE-B1F3-4612-A888-64C62FD5D2E6}.Release|Any CPU.ActiveCfg = Release|Any CPU
		{44EE79EE-B1F3-4612-A888-64C62FD5D2E6}.Release|Any CPU.Build.0 = Release|Any CPU
		{7DA36D86-757E-48E3-8C82-545EE59CF820}.Debug|Any CPU.ActiveCfg = Debug|Any CPU
		{7DA36D86-757E-48E3-8C82-545EE59CF820}.Debug|Any CPU.Build.0 = Debug|Any CPU
		{7DA36D86-757E-48E3-8C82-545EE59CF820}.Release|Any CPU.ActiveCfg = Release|Any CPU
		{7DA36D86-757E-48E3-8C82-545EE59CF820}.Release|Any CPU.Build.0 = Release|Any CPU
	EndGlobalSection
	GlobalSection(SolutionProperties) = preSolution
		HideSolutionNode = FALSE
	EndGlobalSection
	GlobalSection(NestedProjects) = preSolution
		{7DA36D86-757E-48E3-8C82-545EE59CF820} = {6F802E18-FA42-49FA-859E-CB5EC5567663}
	EndGlobalSection
EndGlobal
