
Microsoft Visual Studio Solution File, Format Version 11.00
# Visual Studio 2010
Project("{E24C65DC-7377-472B-9ABA-BC803B73C61A}") = "GooglemapControl", "..\..\..\..\..\..\sath\google\GooglemapControl", "{5D129D2C-2057-4981-ADF2-8A2AB196D296}"
	ProjectSection(WebsiteProperties) = preProject
		SccProjectName = "SAK"
		SccAuxPath = "SAK"
		SccLocalPath = "SAK"
		SccProvider = "SAK"
		TargetFrameworkMoniker = ".NETFramework,Version%3Dv4.0"
		Debug.AspNetCompiler.VirtualPath = "/GooglemapControl"
		Debug.AspNetCompiler.PhysicalPath = "..\..\..\..\..\..\sath\google\GooglemapControl\"
		Debug.AspNetCompiler.TargetPath = "PrecompiledWeb\GooglemapControl\"
		Debug.AspNetCompiler.Updateable = "true"
		Debug.AspNetCompiler.ForceOverwrite = "true"
		Debug.AspNetCompiler.FixedNames = "false"
		Debug.AspNetCompiler.Debug = "True"
		Release.AspNetCompiler.VirtualPath = "/GooglemapControl"
		Release.AspNetCompiler.PhysicalPath = "..\..\..\..\..\..\sath\google\GooglemapControl\"
		Release.AspNetCompiler.TargetPath = "PrecompiledWeb\GooglemapControl\"
		Release.AspNetCompiler.Updateable = "true"
		Release.AspNetCompiler.ForceOverwrite = "true"
		Release.AspNetCompiler.FixedNames = "false"
		Release.AspNetCompiler.Debug = "False"
		VWDPort = "58076"
	EndProjectSection
EndProject
Global
	GlobalSection(TeamFoundationVersionControl) = preSolution
		SccNumberOfProjects = 2
		SccEnterpriseProvider = {4CA58AB2-18FA-4F8D-95D4-32DDF27D184C}
		SccTeamFoundationServer = http://ides-tfs01:8080/tfs/ides%20website%20redesign%20project
		SccLocalPath0 = .
		SccWebProject1 = true
		SccProjectUniqueName1 = ..\\..\\..\\..\\..\\..\\sath\\google\\GooglemapControl
		SccProjectName1 = GooglemapControl
		SccLocalPath1 = ..\\..\\..\\..\\..\\..\\sath\\google\\GooglemapControl
		SccProjectEnlistmentChoice1 = 2
	EndGlobalSection
	GlobalSection(SolutionConfigurationPlatforms) = preSolution
		Debug|Any CPU = Debug|Any CPU
	EndGlobalSection
	GlobalSection(ProjectConfigurationPlatforms) = postSolution
		{5D129D2C-2057-4981-ADF2-8A2AB196D296}.Debug|Any CPU.ActiveCfg = Debug|Any CPU
		{5D129D2C-2057-4981-ADF2-8A2AB196D296}.Debug|Any CPU.Build.0 = Debug|Any CPU
	EndGlobalSection
	GlobalSection(SolutionProperties) = preSolution
		HideSolutionNode = FALSE
	EndGlobalSection
EndGlobal
